
Microsoft Visual Studio Solution File, Format Version 12.00
# Visual Studio 15
Project("{FAE04EC0-301F-11D3-BF4B-00C04F79EFBC}") = "Assembly-CSharp-firstpass", "Assembly-CSharp-firstpass.csproj", "{ED35045D-C8D4-EAB9-68CD-CF8EAB339A06}"
EndProject
Project("{FAE04EC0-301F-11D3-BF4B-00C04F79EFBC}") = "Assembly-CSharp", "Assembly-CSharp.csproj", "{F685F4E7-614C-1556-9963-7065C48DF2D4}"
EndProject
Project("{FAE04EC0-301F-11D3-BF4B-00C04F79EFBC}") = "Assembly-CSharp-Editor", "Assembly-CSharp-Editor.csproj", "{D8436DBA-3898-9BB0-1B12-5A51B4D64EE4}"
EndProject
Global
	GlobalSection(SolutionConfigurationPlatforms) = preSolution
		Debug|Any CPU = Debug|Any CPU
		Release|Any CPU = Release|Any CPU
	EndGlobalSection
	GlobalSection(ProjectConfigurationPlatforms) = postSolution
		{ED35045D-C8D4-EAB9-68CD-CF8EAB339A06}.Debug|Any CPU.ActiveCfg = Debug|Any CPU
		{ED35045D-C8D4-EAB9-68CD-CF8EAB339A06}.Debug|Any CPU.Build.0 = Debug|Any CPU
		{ED35045D-C8D4-EAB9-68CD-CF8EAB339A06}.Release|Any CPU.ActiveCfg = Release|Any CPU
		{ED35045D-C8D4-EAB9-68CD-CF8EAB339A06}.Release|Any CPU.Build.0 = Release|Any CPU
		{F685F4E7-614C-1556-9963-7065C48DF2D4}.Debug|Any CPU.ActiveCfg = Debug|Any CPU
		{F685F4E7-614C-1556-9963-7065C48DF2D4}.Debug|Any CPU.Build.0 = Debug|Any CPU
		{F685F4E7-614C-1556-9963-7065C48DF2D4}.Release|Any CPU.ActiveCfg = Release|Any CPU
		{F685F4E7-614C-1556-9963-7065C48DF2D4}.Release|Any CPU.Build.0 = Release|Any CPU
		{D8436DBA-3898-9BB0-1B12-5A51B4D64EE4}.Debug|Any CPU.ActiveCfg = Debug|Any CPU
		{D8436DBA-3898-9BB0-1B12-5A51B4D64EE4}.Debug|Any CPU.Build.0 = Debug|Any CPU
		{D8436DBA-3898-9BB0-1B12-5A51B4D64EE4}.Release|Any CPU.ActiveCfg = Release|Any CPU
		{D8436DBA-3898-9BB0-1B12-5A51B4D64EE4}.Release|Any CPU.Build.0 = Release|Any CPU
	EndGlobalSection
	GlobalSection(SolutionProperties) = preSolution
		HideSolutionNode = FALSE
	EndGlobalSection
EndGlobal
